# This file is autogenerated, do not edit; changes may be undone by the next 'dep ensure'.


[[projects]]
  digest = "1:620bade21ddf8256869717861431d52650c7e40bc56bdcd3d5ec3da63e7573b0"
  name = "github.com/davecgh/go-spew"
  packages = ["spew"]
  pruneopts = "UT"
  revision = "5215b55f46b2b919f50a1df0eaa5886afe4e3b3d"

[[projects]]
  branch = "master"
  digest = "1:c8774ee18997a3b88e6e074cf92e71bb6ded2ac4d585bd60e0d89fc8d1b2ddfb"
  name = "github.com/lestrrat-go/jspointer"
  packages = ["."]
  pruneopts = "UT"
  revision = "82fadba7561c3a8d78133c2b957263c0963bb79d"

[[projects]]
  branch = "master"
  digest = "1:64b65c6b6f665a9d788b96732500d2eb407858d9112e72782ed59e529a0d30ec"
  name = "github.com/lestrrat-go/jsref"
  packages = [
    ".",
    "provider",
  ]
  pruneopts = "UT"
  revision = "1b590508f37d3af76c77c8328e16978d2889b486"

[[projects]]
  branch = "master"
  digest = "1:6b4b264c28100bac18007febd85833897367b090e7174dc53f3f52b1038f91a4"
  name = "github.com/lestrrat-go/jsschema"
  packages = ["."]
  pruneopts = "UT"
  revision = "5c81c58ffcc359c4390d440b45f5462edb0107cb"

[[projects]]
  branch = "master"
  digest = "1:5adf983bdaae81979a5fd7166a8587cbca615e042e05d915e653778ba32e109a"
  name = "github.com/lestrrat-go/jsval"
  packages = [
    ".",
    "builder",
  ]
  pruneopts = "UT"
  revision = "20277e9befc0257e96a5ceb4901e068ca6e7cab4"

[[projects]]
  branch = "master"
  digest = "1:992a4e430ab23874d31778dc2a17ba41e7733a9cfd151d1ee8476b46a828e7f5"
  name = "github.com/lestrrat-go/pdebug"
  packages = ["."]
  pruneopts = "UT"
  revision = "39f9a71bcabe9432cbdfe4d3d33f41988acd2ce6"

[[projects]]
  branch = "master"
  digest = "1:638bbbd3c83cf30031534203fd3d0ebe4438e2183c02628721048505255ad9c6"
  name = "github.com/lestrrat-go/structinfo"
  packages = ["."]
  pruneopts = "UT"
  revision = "acd51874663bf3297433cb1f1015075c3cbe6130"

[[projects]]
  digest = "1:0599213459e7ef9398ab20b26722ebeaeed4d9d85255005ddf0a5c47f8c02670"
  name = "github.com/pkg/errors"
  packages = ["."]
  pruneopts = "UT"
  revision = "c605e284fe17294bda444b34710735b29d1a9d90"

[[projects]]
  digest = "1:6076b684439fd64dbd3b2daa75631d96347b41661cbbc96b404c0695d3fa37d6"
  name = "github.com/stretchr/testify"
  packages = [
    "assert",
    "require",
  ]
  pruneopts = "UT"
  revision = "089c7181b8c728499929ff09b62d3fdd8df8adff"

[solve-meta]
  analyzer-name = "dep"
  analyzer-version = 1
  input-imports = [
    "github.com/lestrrat-go/jsschema",
    "github.com/lestrrat-go/jsval",
    "github.com/lestrrat-go/jsval/builder",
    "github.com/stretchr/testify/require",
  ]
  solver-name = "gps-cdcl"
  solver-version = 1
